
Microsoft Visual Studio Solution File, Format Version 12.00
# Visual Studio 15
VisualStudioVersion = 15.0.26403.7
MinimumVisualStudioVersion = 10.0.40219.1
Project("{9A19103F-16F7-4668-BE54-9A1E7A4F7556}") = "MySql.Web", "src\MySql.Web.csproj", "{D5EBEF6A-8841-4796-B061-26BDC7458818}"
EndProject
Project("{9A19103F-16F7-4668-BE54-9A1E7A4F7556}") = "MySql.Data", "..\MySQL.Data\src\MySql.Data.csproj", "{1745969D-2A70-41AD-9020-A219BA019F73}"
EndProject
Project("{9A19103F-16F7-4668-BE54-9A1E7A4F7556}") = "MySql.Web.Tests", "tests\MySql.Web.Tests.csproj", "{4306517D-FEBB-4052-B48F-FDD8E0EF0484}"
EndProject
Global
	GlobalSection(SolutionConfigurationPlatforms) = preSolution
		Debug|Any CPU = Debug|Any CPU
		Release|Any CPU = Release|Any CPU
	EndGlobalSection
	GlobalSection(ProjectConfigurationPlatforms) = postSolution
		{D5EBEF6A-8841-4796-B061-26BDC7458818}.Debug|Any CPU.ActiveCfg = Debug|Any CPU
		{D5EBEF6A-8841-4796-B061-26BDC7458818}.Debug|Any CPU.Build.0 = Debug|Any CPU
		{D5EBEF6A-8841-4796-B061-26BDC7458818}.Release|Any CPU.ActiveCfg = Release|Any CPU
		{D5EBEF6A-8841-4796-B061-26BDC7458818}.Release|Any CPU.Build.0 = Release|Any CPU
		{1745969D-2A70-41AD-9020-A219BA019F73}.Debug|Any CPU.ActiveCfg = Debug|Any CPU
		{1745969D-2A70-41AD-9020-A219BA019F73}.Debug|Any CPU.Build.0 = Debug|Any CPU
		{1745969D-2A70-41AD-9020-A219BA019F73}.Release|Any CPU.ActiveCfg = Release|Any CPU
		{1745969D-2A70-41AD-9020-A219BA019F73}.Release|Any CPU.Build.0 = Release|Any CPU
		{4306517D-FEBB-4052-B48F-FDD8E0EF0484}.Debug|Any CPU.ActiveCfg = Debug|Any CPU
		{4306517D-FEBB-4052-B48F-FDD8E0EF0484}.Debug|Any CPU.Build.0 = Debug|Any CPU
		{4306517D-FEBB-4052-B48F-FDD8E0EF0484}.Release|Any CPU.ActiveCfg = Release|Any CPU
		{4306517D-FEBB-4052-B48F-FDD8E0EF0484}.Release|Any CPU.Build.0 = Release|Any CPU
	EndGlobalSection
	GlobalSection(SolutionProperties) = preSolution
		HideSolutionNode = FALSE
	EndGlobalSection
EndGlobal
