
Microsoft Visual Studio Solution File, Format Version 12.00
# Visual Studio 15
VisualStudioVersion = 15.0.26430.16
MinimumVisualStudioVersion = 10.0.40219.1
Project("{9A19103F-16F7-4668-BE54-9A1E7A4F7556}") = "MySql.Data.EntityFrameworkCore", "src\MySql.Data.EFCore\MySql.Data.EntityFrameworkCore.csproj", "{65A8A175-B8C8-4B81-BD96-60921534615E}"
EndProject
Project("{9A19103F-16F7-4668-BE54-9A1E7A4F7556}") = "MySql.Data.EntityFrameworkCore.Design", "src\MySql.Data.EFCore.Design\MySql.Data.EntityFrameworkCore.Design.csproj", "{F8BCE6A1-4257-49A4-BDD7-37CE30CD76CA}"
EndProject
Project("{9A19103F-16F7-4668-BE54-9A1E7A4F7556}") = "MySql.Data", "..\MySQL.Data\src\MySql.Data.csproj", "{211964C5-1F3B-4D2B-8E25-BC40141D697E}"
EndProject
Project("{9A19103F-16F7-4668-BE54-9A1E7A4F7556}") = "MySql.EntityFrameworkCore.Basic.Tests", "tests\MySql.EFCore.Basic.Tests\MySql.EntityFrameworkCore.Basic.Tests.csproj", "{DBEAF9A0-D13D-4CBE-BC43-CCEAC085C3AB}"
EndProject
Project("{9A19103F-16F7-4668-BE54-9A1E7A4F7556}") = "MySql.EntityFrameworkCore.Design.Tests", "tests\MySql.EFCore.Design.Tests\MySql.EntityFrameworkCore.Design.Tests.csproj", "{5E6821FE-243C-41FB-A9E3-120687ABE238}"
EndProject
Project("{9A19103F-16F7-4668-BE54-9A1E7A4F7556}") = "MySql.EntityFrameworkCore.Migrations.Tests", "tests\MySql.EFCore.Migrations.Tests\MySql.EntityFrameworkCore.Migrations.Tests.csproj", "{AF10E1F7-EEEB-41B7-B8F8-AA6E45DF6493}"
EndProject
Global
	GlobalSection(SolutionConfigurationPlatforms) = preSolution
		Debug|Any CPU = Debug|Any CPU
		Release|Any CPU = Release|Any CPU
	EndGlobalSection
	GlobalSection(ProjectConfigurationPlatforms) = postSolution
		{65A8A175-B8C8-4B81-BD96-60921534615E}.Debug|Any CPU.ActiveCfg = Debug|Any CPU
		{65A8A175-B8C8-4B81-BD96-60921534615E}.Debug|Any CPU.Build.0 = Debug|Any CPU
		{65A8A175-B8C8-4B81-BD96-60921534615E}.Release|Any CPU.ActiveCfg = Release|Any CPU
		{65A8A175-B8C8-4B81-BD96-60921534615E}.Release|Any CPU.Build.0 = Release|Any CPU
		{F8BCE6A1-4257-49A4-BDD7-37CE30CD76CA}.Debug|Any CPU.ActiveCfg = Debug|Any CPU
		{F8BCE6A1-4257-49A4-BDD7-37CE30CD76CA}.Debug|Any CPU.Build.0 = Debug|Any CPU
		{F8BCE6A1-4257-49A4-BDD7-37CE30CD76CA}.Release|Any CPU.ActiveCfg = Release|Any CPU
		{F8BCE6A1-4257-49A4-BDD7-37CE30CD76CA}.Release|Any CPU.Build.0 = Release|Any CPU
		{211964C5-1F3B-4D2B-8E25-BC40141D697E}.Debug|Any CPU.ActiveCfg = Debug|Any CPU
		{211964C5-1F3B-4D2B-8E25-BC40141D697E}.Debug|Any CPU.Build.0 = Debug|Any CPU
		{211964C5-1F3B-4D2B-8E25-BC40141D697E}.Release|Any CPU.ActiveCfg = Release|Any CPU
		{211964C5-1F3B-4D2B-8E25-BC40141D697E}.Release|Any CPU.Build.0 = Release|Any CPU
		{9AB7192B-EE82-40D3-9ADC-B17A49E053B2}.Debug|Any CPU.ActiveCfg = Debug|Any CPU
		{9AB7192B-EE82-40D3-9ADC-B17A49E053B2}.Debug|Any CPU.Build.0 = Debug|Any CPU
		{9AB7192B-EE82-40D3-9ADC-B17A49E053B2}.Release|Any CPU.ActiveCfg = Release|Any CPU
		{9AB7192B-EE82-40D3-9ADC-B17A49E053B2}.Release|Any CPU.Build.0 = Release|Any CPU
		{3DB18091-F158-41C6-B197-7FA9039D21D2}.Debug|Any CPU.ActiveCfg = Debug|Any CPU
		{3DB18091-F158-41C6-B197-7FA9039D21D2}.Debug|Any CPU.Build.0 = Debug|Any CPU
		{3DB18091-F158-41C6-B197-7FA9039D21D2}.Release|Any CPU.ActiveCfg = Release|Any CPU
		{3DB18091-F158-41C6-B197-7FA9039D21D2}.Release|Any CPU.Build.0 = Release|Any CPU
		{5A183DCD-FC7D-46D2-AC53-3043BF251B52}.Debug|Any CPU.ActiveCfg = Debug|Any CPU
		{5A183DCD-FC7D-46D2-AC53-3043BF251B52}.Debug|Any CPU.Build.0 = Debug|Any CPU
		{5A183DCD-FC7D-46D2-AC53-3043BF251B52}.Release|Any CPU.ActiveCfg = Release|Any CPU
		{5A183DCD-FC7D-46D2-AC53-3043BF251B52}.Release|Any CPU.Build.0 = Release|Any CPU
	EndGlobalSection
	GlobalSection(SolutionProperties) = preSolution
		HideSolutionNode = FALSE
	EndGlobalSection
EndGlobal
