
Microsoft Visual Studio Solution File, Format Version 12.00
# Visual Studio 14
VisualStudioVersion = 14.0.25123.0
MinimumVisualStudioVersion = 10.0.40219.1
Project("{2150E333-8FDC-42A3-9474-1A3956D46DE8}") = "src", "src", "{F50317E3-9DBA-4F6D-8EA2-BEBBB3FB17FE}"
EndProject
Project("{2150E333-8FDC-42A3-9474-1A3956D46DE8}") = "Solution Items", "Solution Items", "{27400DB7-CF82-4DC4-98DF-5978644E4E53}"
	ProjectSection(SolutionItems) = preProject
		global.json = global.json
	EndProjectSection
EndProject
Project("{8BB2217D-0F2D-49D1-97BC-3654ED321F3B}") = "MySql.Data.MySqlClient", "src\MySql.Data.MySqlClient\MySql.Data.MySqlClient.xproj", "{8F0F6915-49B2-42F8-A592-BEF9A09F3811}"
EndProject
Project("{8BB2217D-0F2D-49D1-97BC-3654ED321F3B}") = "MySql.Data.MySqlClient.Test", "src\MySql.Data.MySqlClient.Test\MySql.Data.MySqlClient.Test.xproj", "{42229016-61AC-4ABF-88EB-354055D2AC40}"
EndProject
Project("{8BB2217D-0F2D-49D1-97BC-3654ED321F3B}") = "MySql.Core.Test.Console", "src\MySql.Core.Test.Console\MySql.Core.Test.Console.xproj", "{742DC4B9-D6D3-4063-821F-BB2FD980CE10}"
EndProject
Global
	GlobalSection(SolutionConfigurationPlatforms) = preSolution
		Debug|Any CPU = Debug|Any CPU
		Release|Any CPU = Release|Any CPU
	EndGlobalSection
	GlobalSection(ProjectConfigurationPlatforms) = postSolution
		{8F0F6915-49B2-42F8-A592-BEF9A09F3811}.Debug|Any CPU.ActiveCfg = Debug|Any CPU
		{8F0F6915-49B2-42F8-A592-BEF9A09F3811}.Debug|Any CPU.Build.0 = Debug|Any CPU
		{8F0F6915-49B2-42F8-A592-BEF9A09F3811}.Release|Any CPU.ActiveCfg = Release|Any CPU
		{8F0F6915-49B2-42F8-A592-BEF9A09F3811}.Release|Any CPU.Build.0 = Release|Any CPU
		{42229016-61AC-4ABF-88EB-354055D2AC40}.Debug|Any CPU.ActiveCfg = Debug|Any CPU
		{42229016-61AC-4ABF-88EB-354055D2AC40}.Debug|Any CPU.Build.0 = Debug|Any CPU
		{42229016-61AC-4ABF-88EB-354055D2AC40}.Release|Any CPU.ActiveCfg = Release|Any CPU
		{42229016-61AC-4ABF-88EB-354055D2AC40}.Release|Any CPU.Build.0 = Release|Any CPU
		{742DC4B9-D6D3-4063-821F-BB2FD980CE10}.Debug|Any CPU.ActiveCfg = Debug|Any CPU
		{742DC4B9-D6D3-4063-821F-BB2FD980CE10}.Debug|Any CPU.Build.0 = Debug|Any CPU
		{742DC4B9-D6D3-4063-821F-BB2FD980CE10}.Release|Any CPU.ActiveCfg = Release|Any CPU
	EndGlobalSection
	GlobalSection(SolutionProperties) = preSolution
		HideSolutionNode = FALSE
	EndGlobalSection
	GlobalSection(NestedProjects) = preSolution
		{8F0F6915-49B2-42F8-A592-BEF9A09F3811} = {F50317E3-9DBA-4F6D-8EA2-BEBBB3FB17FE}
		{42229016-61AC-4ABF-88EB-354055D2AC40} = {F50317E3-9DBA-4F6D-8EA2-BEBBB3FB17FE}
		{742DC4B9-D6D3-4063-821F-BB2FD980CE10} = {F50317E3-9DBA-4F6D-8EA2-BEBBB3FB17FE}
	EndGlobalSection
EndGlobal
