
Microsoft Visual Studio Solution File, Format Version 12.00
# Visual Studio 14
VisualStudioVersion = 14.0.25420.1
MinimumVisualStudioVersion = 10.0.40219.1
Project("{2150E333-8FDC-42A3-9474-1A3956D46DE8}") = "Source", "Source", "{F50317E3-9DBA-4F6D-8EA2-BEBBB3FB17FE}"
EndProject
Project("{2150E333-8FDC-42A3-9474-1A3956D46DE8}") = "Solution Items", "Solution Items", "{27400DB7-CF82-4DC4-98DF-5978644E4E53}"
	ProjectSection(SolutionItems) = preProject
		global.json = global.json
	EndProjectSection
EndProject
Project("{8BB2217D-0F2D-49D1-97BC-3654ED321F3B}") = "MySql.Data", "Source\MySql.Data\MySql.Data.xproj", "{8F0F6915-49B2-42F8-A592-BEF9A09F3811}"
EndProject
Project("{8BB2217D-0F2D-49D1-97BC-3654ED321F3B}") = "MySql.Core.Test.Console", "Samples\Core\MySql.Core.Test.Console.xproj", "{742DC4B9-D6D3-4063-821F-BB2FD980CE10}"
EndProject
Project("{2150E333-8FDC-42A3-9474-1A3956D46DE8}") = "Samples", "Samples", "{019C5460-E964-4688-9A91-57ED26D09F4B}"
EndProject
Project("{2150E333-8FDC-42A3-9474-1A3956D46DE8}") = "Tests", "Tests", "{81A599B5-6ED5-45F7-84BE-1E5F772EA38D}"
EndProject
Project("{8BB2217D-0F2D-49D1-97BC-3654ED321F3B}") = "MySql.Data.Tests", "Tests\MySql.Data.Tests\MySql.Data.Tests.xproj", "{42229016-61AC-4ABF-88EB-354055D2AC40}"
EndProject
Project("{8BB2217D-0F2D-49D1-97BC-3654ED321F3B}") = "MySql.Data.EntityFrameworkCore", "Source\MySql.Data.EntityFrameworkCore\MySql.Data.EntityFrameworkCore.xproj", "{E0EA25B2-FF20-4B52-9325-57BBEDD777EF}"
EndProject
Project("{8BB2217D-0F2D-49D1-97BC-3654ED321F3B}") = "MySql.EntityFrameworkCore.Basic.Tests", "Tests\MySql.EntityFrameworkCore.Basic.Tests\MySql.EntityFrameworkCore.Basic.Tests.xproj", "{1CAAB7D0-8D06-46B8-B3C9-8639828A6AE8}"
EndProject
Project("{8BB2217D-0F2D-49D1-97BC-3654ED321F3B}") = "MySql.EntityFrameworkCore.Migrations.Tests", "Tests\MySql.EntityFrameworkCore.Migrations.Tests\MySql.EntityFrameworkCore.Migrations.Tests.xproj", "{ACCD7F4B-A8E5-4642-BFD3-CDD2E3F52495}"
EndProject
Project("{8BB2217D-0F2D-49D1-97BC-3654ED321F3B}") = "MySqlX.Data.Tests", "Tests\MySqlX.Data.Tests\MySqlX.Data.Tests.xproj", "{863B140B-0956-4871-B9F5-AA2681AF59DA}"
EndProject
Global
	GlobalSection(SolutionConfigurationPlatforms) = preSolution
		Debug|Any CPU = Debug|Any CPU
		Release|Any CPU = Release|Any CPU
	EndGlobalSection
	GlobalSection(ProjectConfigurationPlatforms) = postSolution
		{8F0F6915-49B2-42F8-A592-BEF9A09F3811}.Debug|Any CPU.ActiveCfg = Debug|Any CPU
		{8F0F6915-49B2-42F8-A592-BEF9A09F3811}.Debug|Any CPU.Build.0 = Debug|Any CPU
		{8F0F6915-49B2-42F8-A592-BEF9A09F3811}.Release|Any CPU.ActiveCfg = Release|Any CPU
		{8F0F6915-49B2-42F8-A592-BEF9A09F3811}.Release|Any CPU.Build.0 = Release|Any CPU
		{742DC4B9-D6D3-4063-821F-BB2FD980CE10}.Debug|Any CPU.ActiveCfg = Debug|Any CPU
		{742DC4B9-D6D3-4063-821F-BB2FD980CE10}.Debug|Any CPU.Build.0 = Debug|Any CPU
		{742DC4B9-D6D3-4063-821F-BB2FD980CE10}.Release|Any CPU.ActiveCfg = Release|Any CPU
		{42229016-61AC-4ABF-88EB-354055D2AC40}.Debug|Any CPU.ActiveCfg = Debug|Any CPU
		{42229016-61AC-4ABF-88EB-354055D2AC40}.Debug|Any CPU.Build.0 = Debug|Any CPU
		{42229016-61AC-4ABF-88EB-354055D2AC40}.Release|Any CPU.ActiveCfg = Release|Any CPU
		{42229016-61AC-4ABF-88EB-354055D2AC40}.Release|Any CPU.Build.0 = Release|Any CPU
		{E0EA25B2-FF20-4B52-9325-57BBEDD777EF}.Debug|Any CPU.ActiveCfg = Debug|Any CPU
		{E0EA25B2-FF20-4B52-9325-57BBEDD777EF}.Debug|Any CPU.Build.0 = Debug|Any CPU
		{E0EA25B2-FF20-4B52-9325-57BBEDD777EF}.Release|Any CPU.ActiveCfg = Release|Any CPU
		{E0EA25B2-FF20-4B52-9325-57BBEDD777EF}.Release|Any CPU.Build.0 = Release|Any CPU
		{1CAAB7D0-8D06-46B8-B3C9-8639828A6AE8}.Debug|Any CPU.ActiveCfg = Debug|Any CPU
		{1CAAB7D0-8D06-46B8-B3C9-8639828A6AE8}.Debug|Any CPU.Build.0 = Debug|Any CPU
		{1CAAB7D0-8D06-46B8-B3C9-8639828A6AE8}.Release|Any CPU.ActiveCfg = Release|Any CPU
		{1CAAB7D0-8D06-46B8-B3C9-8639828A6AE8}.Release|Any CPU.Build.0 = Release|Any CPU
		{ACCD7F4B-A8E5-4642-BFD3-CDD2E3F52495}.Debug|Any CPU.ActiveCfg = Debug|Any CPU
		{ACCD7F4B-A8E5-4642-BFD3-CDD2E3F52495}.Debug|Any CPU.Build.0 = Debug|Any CPU
		{ACCD7F4B-A8E5-4642-BFD3-CDD2E3F52495}.Release|Any CPU.ActiveCfg = Release|Any CPU
		{ACCD7F4B-A8E5-4642-BFD3-CDD2E3F52495}.Release|Any CPU.Build.0 = Release|Any CPU
		{863B140B-0956-4871-B9F5-AA2681AF59DA}.Debug|Any CPU.ActiveCfg = Debug|Any CPU
		{863B140B-0956-4871-B9F5-AA2681AF59DA}.Debug|Any CPU.Build.0 = Debug|Any CPU
		{863B140B-0956-4871-B9F5-AA2681AF59DA}.Release|Any CPU.ActiveCfg = Release|Any CPU
		{863B140B-0956-4871-B9F5-AA2681AF59DA}.Release|Any CPU.Build.0 = Release|Any CPU
	EndGlobalSection
	GlobalSection(SolutionProperties) = preSolution
		HideSolutionNode = FALSE
	EndGlobalSection
	GlobalSection(NestedProjects) = preSolution
		{8F0F6915-49B2-42F8-A592-BEF9A09F3811} = {F50317E3-9DBA-4F6D-8EA2-BEBBB3FB17FE}
		{742DC4B9-D6D3-4063-821F-BB2FD980CE10} = {019C5460-E964-4688-9A91-57ED26D09F4B}
		{42229016-61AC-4ABF-88EB-354055D2AC40} = {81A599B5-6ED5-45F7-84BE-1E5F772EA38D}
		{E0EA25B2-FF20-4B52-9325-57BBEDD777EF} = {F50317E3-9DBA-4F6D-8EA2-BEBBB3FB17FE}
		{1CAAB7D0-8D06-46B8-B3C9-8639828A6AE8} = {81A599B5-6ED5-45F7-84BE-1E5F772EA38D}
		{ACCD7F4B-A8E5-4642-BFD3-CDD2E3F52495} = {81A599B5-6ED5-45F7-84BE-1E5F772EA38D}
		{863B140B-0956-4871-B9F5-AA2681AF59DA} = {81A599B5-6ED5-45F7-84BE-1E5F772EA38D}
	EndGlobalSection
EndGlobal
