
Microsoft Visual Studio Solution File, Format Version 12.00
# Visual Studio 14
VisualStudioVersion = 14.0.25420.1
MinimumVisualStudioVersion = 10.0.40219.1
Project("{2150E333-8FDC-42A3-9474-1A3956D46DE8}") = "Source", "Source", "{F50317E3-9DBA-4F6D-8EA2-BEBBB3FB17FE}"
EndProject
Project("{2150E333-8FDC-42A3-9474-1A3956D46DE8}") = "Tests", "Tests", "{81A599B5-6ED5-45F7-84BE-1E5F772EA38D}"
EndProject
Project("{9A19103F-16F7-4668-BE54-9A1E7A4F7556}") = "MySql.EntityFramework6.CodeFirst.Tests", "Tests\MySql.EntityFramework6.CodeFirst.Tests\MySql.EntityFramework6.CodeFirst.Tests.csproj", "{1CDC2D65-C754-4E0C-8F72-0A0C0FA2F17A}"
EndProject
Project("{9A19103F-16F7-4668-BE54-9A1E7A4F7556}") = "MySql.EntityFramework6.Basic.Tests", "Tests\MySql.EntityFramework6.Basic.Tests\MySql.EntityFramework6.Basic.Tests.csproj", "{F8C09FA3-67C7-4AD6-9FE2-17A3F82C1F2B}"
EndProject
Project("{9A19103F-16F7-4668-BE54-9A1E7A4F7556}") = "MySql.EntityFramework6.Migrations.Tests", "Tests\MySql.EntityFramework6.Migrations.Tests\MySql.EntityFramework6.Migrations.Tests.csproj", "{F3AE9F45-D8CC-47BB-BF30-F11EB24EAD16}"
EndProject
Project("{9A19103F-16F7-4668-BE54-9A1E7A4F7556}") = "MySql.Data.Entity.EF6", "Source\MySql.Data.Entity.EF6\MySql.Data.Entity.EF6.csproj", "{256547DD-4C49-48E7-BEB1-78FC17EAA464}"
EndProject
Project("{9A19103F-16F7-4668-BE54-9A1E7A4F7556}") = "MySql.Web", "Source\MySql.Web\MySql.Web.csproj", "{644C0442-74D1-4CEA-8B5B-B70099D4CCB2}"
EndProject
Project("{9A19103F-16F7-4668-BE54-9A1E7A4F7556}") = "MySql.Data.Tests.Stress", "Tests\MySql.Data.Tests.Stress\MySql.Data.Tests.Stress.csproj", "{BF425D4D-96A8-4EC7-9DD6-D8C83459E52D}"
EndProject
Project("{9A19103F-16F7-4668-BE54-9A1E7A4F7556}") = "MySql.Web.Tests", "Tests\MySql.Web.Tests\MySql.Web.Tests.csproj", "{2D54AE12-2CB6-455D-BA87-87D0DF71F603}"
EndProject
Project("{FAE04EC0-301F-11D3-BF4B-00C04F79EFBC}") = "MySql.Data.Legacy", "Source\MySql.Data\MySql.Data.Legacy.csproj", "{E9DF5ED1-4CBD-4226-B931-9A51610AC14D}"
EndProject
Project("{FAE04EC0-301F-11D3-BF4B-00C04F79EFBC}") = "MySql.Data.Tests.Legacy", "Tests\MySql.Data.Tests\MySql.Data.Tests.Legacy.csproj", "{0F7BE8C9-E2B4-48D2-9BE9-F4069C3D8C82}"
EndProject
Global
	GlobalSection(SolutionConfigurationPlatforms) = preSolution
		Debug|Any CPU = Debug|Any CPU
		DebugEF6|Any CPU = DebugEF6|Any CPU
		Release|Any CPU = Release|Any CPU
		ReleaseEF6|Any CPU = ReleaseEF6|Any CPU
		ReleaseNET40_Only|Any CPU = ReleaseNET40_Only|Any CPU
	EndGlobalSection
	GlobalSection(ProjectConfigurationPlatforms) = postSolution
		{1CDC2D65-C754-4E0C-8F72-0A0C0FA2F17A}.Debug|Any CPU.ActiveCfg = Debug|Any CPU
		{1CDC2D65-C754-4E0C-8F72-0A0C0FA2F17A}.Debug|Any CPU.Build.0 = Debug|Any CPU
		{1CDC2D65-C754-4E0C-8F72-0A0C0FA2F17A}.DebugEF6|Any CPU.ActiveCfg = Debug|Any CPU
		{1CDC2D65-C754-4E0C-8F72-0A0C0FA2F17A}.Release|Any CPU.ActiveCfg = Release|Any CPU
		{1CDC2D65-C754-4E0C-8F72-0A0C0FA2F17A}.Release|Any CPU.Build.0 = Release|Any CPU
		{1CDC2D65-C754-4E0C-8F72-0A0C0FA2F17A}.ReleaseEF6|Any CPU.ActiveCfg = Release|Any CPU
		{1CDC2D65-C754-4E0C-8F72-0A0C0FA2F17A}.ReleaseNET40_Only|Any CPU.ActiveCfg = Release|Any CPU
		{F8C09FA3-67C7-4AD6-9FE2-17A3F82C1F2B}.Debug|Any CPU.ActiveCfg = Debug|Any CPU
		{F8C09FA3-67C7-4AD6-9FE2-17A3F82C1F2B}.Debug|Any CPU.Build.0 = Debug|Any CPU
		{F8C09FA3-67C7-4AD6-9FE2-17A3F82C1F2B}.DebugEF6|Any CPU.ActiveCfg = Debug|Any CPU
		{F8C09FA3-67C7-4AD6-9FE2-17A3F82C1F2B}.Release|Any CPU.ActiveCfg = Release|Any CPU
		{F8C09FA3-67C7-4AD6-9FE2-17A3F82C1F2B}.Release|Any CPU.Build.0 = Release|Any CPU
		{F8C09FA3-67C7-4AD6-9FE2-17A3F82C1F2B}.ReleaseEF6|Any CPU.ActiveCfg = Release|Any CPU
		{F8C09FA3-67C7-4AD6-9FE2-17A3F82C1F2B}.ReleaseNET40_Only|Any CPU.ActiveCfg = Release|Any CPU
		{F3AE9F45-D8CC-47BB-BF30-F11EB24EAD16}.Debug|Any CPU.ActiveCfg = Debug|Any CPU
		{F3AE9F45-D8CC-47BB-BF30-F11EB24EAD16}.Debug|Any CPU.Build.0 = Debug|Any CPU
		{F3AE9F45-D8CC-47BB-BF30-F11EB24EAD16}.DebugEF6|Any CPU.ActiveCfg = Debug|Any CPU
		{F3AE9F45-D8CC-47BB-BF30-F11EB24EAD16}.Release|Any CPU.ActiveCfg = Release|Any CPU
		{F3AE9F45-D8CC-47BB-BF30-F11EB24EAD16}.Release|Any CPU.Build.0 = Release|Any CPU
		{F3AE9F45-D8CC-47BB-BF30-F11EB24EAD16}.ReleaseEF6|Any CPU.ActiveCfg = Release|Any CPU
		{F3AE9F45-D8CC-47BB-BF30-F11EB24EAD16}.ReleaseNET40_Only|Any CPU.ActiveCfg = Release|Any CPU
		{256547DD-4C49-48E7-BEB1-78FC17EAA464}.Debug|Any CPU.ActiveCfg = Debug|Any CPU
		{256547DD-4C49-48E7-BEB1-78FC17EAA464}.Debug|Any CPU.Build.0 = Debug|Any CPU
		{256547DD-4C49-48E7-BEB1-78FC17EAA464}.DebugEF6|Any CPU.ActiveCfg = Debug|Any CPU
		{256547DD-4C49-48E7-BEB1-78FC17EAA464}.Release|Any CPU.ActiveCfg = Release|Any CPU
		{256547DD-4C49-48E7-BEB1-78FC17EAA464}.Release|Any CPU.Build.0 = Release|Any CPU
		{256547DD-4C49-48E7-BEB1-78FC17EAA464}.ReleaseEF6|Any CPU.ActiveCfg = Release|Any CPU
		{256547DD-4C49-48E7-BEB1-78FC17EAA464}.ReleaseNET40_Only|Any CPU.ActiveCfg = Release|Any CPU
		{644C0442-74D1-4CEA-8B5B-B70099D4CCB2}.Debug|Any CPU.ActiveCfg = Debug|Any CPU
		{644C0442-74D1-4CEA-8B5B-B70099D4CCB2}.Debug|Any CPU.Build.0 = Debug|Any CPU
		{644C0442-74D1-4CEA-8B5B-B70099D4CCB2}.DebugEF6|Any CPU.ActiveCfg = Debug|Any CPU
		{644C0442-74D1-4CEA-8B5B-B70099D4CCB2}.Release|Any CPU.ActiveCfg = Release|Any CPU
		{644C0442-74D1-4CEA-8B5B-B70099D4CCB2}.Release|Any CPU.Build.0 = Release|Any CPU
		{644C0442-74D1-4CEA-8B5B-B70099D4CCB2}.ReleaseEF6|Any CPU.ActiveCfg = Release|Any CPU
		{644C0442-74D1-4CEA-8B5B-B70099D4CCB2}.ReleaseNET40_Only|Any CPU.ActiveCfg = Release|Any CPU
		{BF425D4D-96A8-4EC7-9DD6-D8C83459E52D}.Debug|Any CPU.ActiveCfg = Debug|Any CPU
		{BF425D4D-96A8-4EC7-9DD6-D8C83459E52D}.Debug|Any CPU.Build.0 = Debug|Any CPU
		{BF425D4D-96A8-4EC7-9DD6-D8C83459E52D}.DebugEF6|Any CPU.ActiveCfg = Debug|Any CPU
		{BF425D4D-96A8-4EC7-9DD6-D8C83459E52D}.Release|Any CPU.ActiveCfg = Release|Any CPU
		{BF425D4D-96A8-4EC7-9DD6-D8C83459E52D}.Release|Any CPU.Build.0 = Release|Any CPU
		{BF425D4D-96A8-4EC7-9DD6-D8C83459E52D}.ReleaseEF6|Any CPU.ActiveCfg = Release|Any CPU
		{BF425D4D-96A8-4EC7-9DD6-D8C83459E52D}.ReleaseNET40_Only|Any CPU.ActiveCfg = Release|Any CPU
		{2D54AE12-2CB6-455D-BA87-87D0DF71F603}.Debug|Any CPU.ActiveCfg = Debug|Any CPU
		{2D54AE12-2CB6-455D-BA87-87D0DF71F603}.Debug|Any CPU.Build.0 = Debug|Any CPU
		{2D54AE12-2CB6-455D-BA87-87D0DF71F603}.DebugEF6|Any CPU.ActiveCfg = Debug|Any CPU
		{2D54AE12-2CB6-455D-BA87-87D0DF71F603}.Release|Any CPU.ActiveCfg = Release|Any CPU
		{2D54AE12-2CB6-455D-BA87-87D0DF71F603}.Release|Any CPU.Build.0 = Release|Any CPU
		{2D54AE12-2CB6-455D-BA87-87D0DF71F603}.ReleaseEF6|Any CPU.ActiveCfg = Release|Any CPU
		{2D54AE12-2CB6-455D-BA87-87D0DF71F603}.ReleaseNET40_Only|Any CPU.ActiveCfg = Release|Any CPU
		{E9DF5ED1-4CBD-4226-B931-9A51610AC14D}.Debug|Any CPU.ActiveCfg = Debug|Any CPU
		{E9DF5ED1-4CBD-4226-B931-9A51610AC14D}.Debug|Any CPU.Build.0 = Debug|Any CPU
		{E9DF5ED1-4CBD-4226-B931-9A51610AC14D}.DebugEF6|Any CPU.ActiveCfg = Debug|Any CPU
		{E9DF5ED1-4CBD-4226-B931-9A51610AC14D}.DebugEF6|Any CPU.Build.0 = Debug|Any CPU
		{E9DF5ED1-4CBD-4226-B931-9A51610AC14D}.Release|Any CPU.ActiveCfg = Release|Any CPU
		{E9DF5ED1-4CBD-4226-B931-9A51610AC14D}.Release|Any CPU.Build.0 = Release|Any CPU
		{E9DF5ED1-4CBD-4226-B931-9A51610AC14D}.ReleaseEF6|Any CPU.ActiveCfg = Release|Any CPU
		{E9DF5ED1-4CBD-4226-B931-9A51610AC14D}.ReleaseEF6|Any CPU.Build.0 = Release|Any CPU
		{E9DF5ED1-4CBD-4226-B931-9A51610AC14D}.ReleaseNET40_Only|Any CPU.ActiveCfg = Release|Any CPU
		{E9DF5ED1-4CBD-4226-B931-9A51610AC14D}.ReleaseNET40_Only|Any CPU.Build.0 = Release|Any CPU
		{0F7BE8C9-E2B4-48D2-9BE9-F4069C3D8C82}.Debug|Any CPU.ActiveCfg = Debug|Any CPU
		{0F7BE8C9-E2B4-48D2-9BE9-F4069C3D8C82}.Debug|Any CPU.Build.0 = Debug|Any CPU
		{0F7BE8C9-E2B4-48D2-9BE9-F4069C3D8C82}.DebugEF6|Any CPU.ActiveCfg = Debug|Any CPU
		{0F7BE8C9-E2B4-48D2-9BE9-F4069C3D8C82}.DebugEF6|Any CPU.Build.0 = Debug|Any CPU
		{0F7BE8C9-E2B4-48D2-9BE9-F4069C3D8C82}.Release|Any CPU.ActiveCfg = Release|Any CPU
		{0F7BE8C9-E2B4-48D2-9BE9-F4069C3D8C82}.Release|Any CPU.Build.0 = Release|Any CPU
		{0F7BE8C9-E2B4-48D2-9BE9-F4069C3D8C82}.ReleaseEF6|Any CPU.ActiveCfg = Release|Any CPU
		{0F7BE8C9-E2B4-48D2-9BE9-F4069C3D8C82}.ReleaseEF6|Any CPU.Build.0 = Release|Any CPU
		{0F7BE8C9-E2B4-48D2-9BE9-F4069C3D8C82}.ReleaseNET40_Only|Any CPU.ActiveCfg = Release|Any CPU
		{0F7BE8C9-E2B4-48D2-9BE9-F4069C3D8C82}.ReleaseNET40_Only|Any CPU.Build.0 = Release|Any CPU
	EndGlobalSection
	GlobalSection(SolutionProperties) = preSolution
		HideSolutionNode = FALSE
	EndGlobalSection
	GlobalSection(NestedProjects) = preSolution
		{1CDC2D65-C754-4E0C-8F72-0A0C0FA2F17A} = {81A599B5-6ED5-45F7-84BE-1E5F772EA38D}
		{F8C09FA3-67C7-4AD6-9FE2-17A3F82C1F2B} = {81A599B5-6ED5-45F7-84BE-1E5F772EA38D}
		{F3AE9F45-D8CC-47BB-BF30-F11EB24EAD16} = {81A599B5-6ED5-45F7-84BE-1E5F772EA38D}
		{256547DD-4C49-48E7-BEB1-78FC17EAA464} = {F50317E3-9DBA-4F6D-8EA2-BEBBB3FB17FE}
		{644C0442-74D1-4CEA-8B5B-B70099D4CCB2} = {F50317E3-9DBA-4F6D-8EA2-BEBBB3FB17FE}
		{BF425D4D-96A8-4EC7-9DD6-D8C83459E52D} = {81A599B5-6ED5-45F7-84BE-1E5F772EA38D}
		{2D54AE12-2CB6-455D-BA87-87D0DF71F603} = {81A599B5-6ED5-45F7-84BE-1E5F772EA38D}
		{E9DF5ED1-4CBD-4226-B931-9A51610AC14D} = {F50317E3-9DBA-4F6D-8EA2-BEBBB3FB17FE}
		{0F7BE8C9-E2B4-48D2-9BE9-F4069C3D8C82} = {81A599B5-6ED5-45F7-84BE-1E5F772EA38D}
	EndGlobalSection
EndGlobal
