
Microsoft Visual Studio Solution File, Format Version 12.00
# Visual Studio 14
VisualStudioVersion = 14.0.25123.0
MinimumVisualStudioVersion = 10.0.40219.1
Project("{8BB2217D-0F2D-49D1-97BC-3654ED321F3B}") = "MySql.Data", "Source\MySql.Data\MySql.Data.xproj", "{8517D716-06E2-4AE1-B7D9-00025389A2FE}"
EndProject
Project("{2150E333-8FDC-42A3-9474-1A3956D46DE8}") = "Solution Items", "Solution Items", "{98BB0CC7-59B3-40B0-B74D-ED2B9BBF3C31}"
	ProjectSection(SolutionItems) = preProject
		global.json = global.json
	EndProjectSection
EndProject
Global
	GlobalSection(SolutionConfigurationPlatforms) = preSolution
		Debug|Any CPU = Debug|Any CPU
		Release|Any CPU = Release|Any CPU
	EndGlobalSection
	GlobalSection(ProjectConfigurationPlatforms) = postSolution
		{8517D716-06E2-4AE1-B7D9-00025389A2FE}.Debug|Any CPU.ActiveCfg = Debug|Any CPU
		{8517D716-06E2-4AE1-B7D9-00025389A2FE}.Debug|Any CPU.Build.0 = Debug|Any CPU
		{8517D716-06E2-4AE1-B7D9-00025389A2FE}.Release|Any CPU.ActiveCfg = Release|Any CPU
		{8517D716-06E2-4AE1-B7D9-00025389A2FE}.Release|Any CPU.Build.0 = Release|Any CPU
	EndGlobalSection
	GlobalSection(SolutionProperties) = preSolution
		HideSolutionNode = FALSE
	EndGlobalSection
EndGlobal
