
Microsoft Visual Studio Solution File, Format Version 12.00
# Visual Studio 15
VisualStudioVersion = 15.0.26228.4
MinimumVisualStudioVersion = 10.0.40219.1
Project("{9A19103F-16F7-4668-BE54-9A1E7A4F7556}") = "MySql.Data", "Source\MySql.Data\MySql.Data.csproj", "{6F9F1446-22F6-41AE-8128-B014E12C8553}"
EndProject
Project("{9A19103F-16F7-4668-BE54-9A1E7A4F7556}") = "MySql.Data.Tests.Core", "Tests\MySql.Data.Tests\MySql.Data.Tests.Core.csproj", "{948BAAC1-736F-49E1-9159-BBD802DAD61E}"
EndProject
Global
	GlobalSection(SolutionConfigurationPlatforms) = preSolution
		Debug|Any CPU = Debug|Any CPU
		Release|Any CPU = Release|Any CPU
	EndGlobalSection
	GlobalSection(ProjectConfigurationPlatforms) = postSolution
		{6F9F1446-22F6-41AE-8128-B014E12C8553}.Debug|Any CPU.ActiveCfg = Debug|Any CPU
		{6F9F1446-22F6-41AE-8128-B014E12C8553}.Debug|Any CPU.Build.0 = Debug|Any CPU
		{6F9F1446-22F6-41AE-8128-B014E12C8553}.Release|Any CPU.ActiveCfg = Release|Any CPU
		{6F9F1446-22F6-41AE-8128-B014E12C8553}.Release|Any CPU.Build.0 = Release|Any CPU
		{948BAAC1-736F-49E1-9159-BBD802DAD61E}.Debug|Any CPU.ActiveCfg = Debug|Any CPU
		{948BAAC1-736F-49E1-9159-BBD802DAD61E}.Debug|Any CPU.Build.0 = Debug|Any CPU
		{948BAAC1-736F-49E1-9159-BBD802DAD61E}.Release|Any CPU.ActiveCfg = Release|Any CPU
		{948BAAC1-736F-49E1-9159-BBD802DAD61E}.Release|Any CPU.Build.0 = Release|Any CPU
	EndGlobalSection
	GlobalSection(SolutionProperties) = preSolution
		HideSolutionNode = FALSE
	EndGlobalSection
EndGlobal
