
Microsoft Visual Studio Solution File, Format Version 12.00
# Visual Studio 15
VisualStudioVersion = 15.0.26228.9
MinimumVisualStudioVersion = 10.0.40219.1
Project("{2150E333-8FDC-42A3-9474-1A3956D46DE8}") = "Source", "Source", "{9BFDCA33-B9AE-492D-9683-27453A21619A}"
EndProject
Project("{2150E333-8FDC-42A3-9474-1A3956D46DE8}") = "Tests", "Tests", "{51F7A992-54C6-446C-BFF9-F9DD519D9749}"
EndProject
Project("{9A19103F-16F7-4668-BE54-9A1E7A4F7556}") = "MySql.Data.Tests", "Tests\MySql.Data.Tests\MySql.Data.Tests.csproj", "{E4AD9931-1E5F-4249-8F12-60A2786AD075}"
EndProject
Project("{9A19103F-16F7-4668-BE54-9A1E7A4F7556}") = "MySql.Data", "Source\MySql.Data\MySql.Data.csproj", "{BAEF7B9E-F731-4A25-A872-3B0F1651BDF5}"
EndProject
Global
	GlobalSection(SolutionConfigurationPlatforms) = preSolution
		Debug|Any CPU = Debug|Any CPU
		Release|Any CPU = Release|Any CPU
	EndGlobalSection
	GlobalSection(ProjectConfigurationPlatforms) = postSolution
		{E4AD9931-1E5F-4249-8F12-60A2786AD075}.Debug|Any CPU.ActiveCfg = Debug|Any CPU
		{E4AD9931-1E5F-4249-8F12-60A2786AD075}.Debug|Any CPU.Build.0 = Debug|Any CPU
		{E4AD9931-1E5F-4249-8F12-60A2786AD075}.Release|Any CPU.ActiveCfg = Release|Any CPU
		{E4AD9931-1E5F-4249-8F12-60A2786AD075}.Release|Any CPU.Build.0 = Release|Any CPU
		{BAEF7B9E-F731-4A25-A872-3B0F1651BDF5}.Debug|Any CPU.ActiveCfg = Debug|Any CPU
		{BAEF7B9E-F731-4A25-A872-3B0F1651BDF5}.Debug|Any CPU.Build.0 = Debug|Any CPU
		{BAEF7B9E-F731-4A25-A872-3B0F1651BDF5}.Release|Any CPU.ActiveCfg = Release|Any CPU
		{BAEF7B9E-F731-4A25-A872-3B0F1651BDF5}.Release|Any CPU.Build.0 = Release|Any CPU
	EndGlobalSection
	GlobalSection(SolutionProperties) = preSolution
		HideSolutionNode = FALSE
	EndGlobalSection
	GlobalSection(NestedProjects) = preSolution
		{E4AD9931-1E5F-4249-8F12-60A2786AD075} = {51F7A992-54C6-446C-BFF9-F9DD519D9749}
		{BAEF7B9E-F731-4A25-A872-3B0F1651BDF5} = {9BFDCA33-B9AE-492D-9683-27453A21619A}
	EndGlobalSection
EndGlobal
