
Microsoft Visual Studio Solution File, Format Version 10.00
# Visual Studio 2008
Project("{FAE04EC0-301F-11D3-BF4B-00C04F79EFBC}") = "MySql.Web", "MySql.Web\Providers\MySql.Web.csproj", "{C28B1166-1380-445D-AEC1-8A18B990DD18}"
EndProject
Project("{FAE04EC0-301F-11D3-BF4B-00C04F79EFBC}") = "MySql.Web.Tests", "MySql.Web\Tests\MySql.Web.Tests.csproj", "{DC704374-EC50-4167-93AA-8D262136502E}"
EndProject
Project("{FAE04EC0-301F-11D3-BF4B-00C04F79EFBC}") = "MySql.Data", "MySql.Data\Provider\MySql.Data.csproj", "{E9DF5ED1-4CBD-4226-B931-9A51610AC14D}"
EndProject
Project("{FAE04EC0-301F-11D3-BF4B-00C04F79EFBC}") = "MySql.Data.Tests", "MySql.Data\Tests\MySql.Data.Tests.csproj", "{F29E5B3D-7F76-4CF9-BF5E-8E3A1377B1E4}"
EndProject
Global
	GlobalSection(SolutionConfigurationPlatforms) = preSolution
		Commercial|Any CPU = Commercial|Any CPU
		Commercial|Mixed Platforms = Commercial|Mixed Platforms
		Commercial|x64 = Commercial|x64
		Commercial|x86 = Commercial|x86
		Debug|Any CPU = Debug|Any CPU
		Debug|Mixed Platforms = Debug|Mixed Platforms
		Debug|x64 = Debug|x64
		Debug|x86 = Debug|x86
		GPL|Any CPU = GPL|Any CPU
		GPL|Mixed Platforms = GPL|Mixed Platforms
		GPL|x64 = GPL|x64
		GPL|x86 = GPL|x86
		Release|Any CPU = Release|Any CPU
		Release|Mixed Platforms = Release|Mixed Platforms
		Release|x64 = Release|x64
		Release|x86 = Release|x86
	EndGlobalSection
	GlobalSection(ProjectConfigurationPlatforms) = postSolution
		{C28B1166-1380-445D-AEC1-8A18B990DD18}.Commercial|Any CPU.ActiveCfg = Release|Any CPU
		{C28B1166-1380-445D-AEC1-8A18B990DD18}.Commercial|Any CPU.Build.0 = Release|Any CPU
		{C28B1166-1380-445D-AEC1-8A18B990DD18}.Commercial|Mixed Platforms.ActiveCfg = Release|Any CPU
		{C28B1166-1380-445D-AEC1-8A18B990DD18}.Commercial|Mixed Platforms.Build.0 = Release|Any CPU
		{C28B1166-1380-445D-AEC1-8A18B990DD18}.Commercial|x64.ActiveCfg = Release|Any CPU
		{C28B1166-1380-445D-AEC1-8A18B990DD18}.Commercial|x86.ActiveCfg = Release|Any CPU
		{C28B1166-1380-445D-AEC1-8A18B990DD18}.Debug|Any CPU.ActiveCfg = Debug|Any CPU
		{C28B1166-1380-445D-AEC1-8A18B990DD18}.Debug|Any CPU.Build.0 = Debug|Any CPU
		{C28B1166-1380-445D-AEC1-8A18B990DD18}.Debug|Mixed Platforms.ActiveCfg = Debug|Any CPU
		{C28B1166-1380-445D-AEC1-8A18B990DD18}.Debug|Mixed Platforms.Build.0 = Debug|Any CPU
		{C28B1166-1380-445D-AEC1-8A18B990DD18}.Debug|x64.ActiveCfg = Debug|Any CPU
		{C28B1166-1380-445D-AEC1-8A18B990DD18}.Debug|x86.ActiveCfg = Debug|Any CPU
		{C28B1166-1380-445D-AEC1-8A18B990DD18}.GPL|Any CPU.ActiveCfg = Release|Any CPU
		{C28B1166-1380-445D-AEC1-8A18B990DD18}.GPL|Any CPU.Build.0 = Release|Any CPU
		{C28B1166-1380-445D-AEC1-8A18B990DD18}.GPL|Mixed Platforms.ActiveCfg = Release|Any CPU
		{C28B1166-1380-445D-AEC1-8A18B990DD18}.GPL|Mixed Platforms.Build.0 = Release|Any CPU
		{C28B1166-1380-445D-AEC1-8A18B990DD18}.GPL|x64.ActiveCfg = Release|Any CPU
		{C28B1166-1380-445D-AEC1-8A18B990DD18}.GPL|x86.ActiveCfg = Release|Any CPU
		{C28B1166-1380-445D-AEC1-8A18B990DD18}.Release|Any CPU.ActiveCfg = Release|Any CPU
		{C28B1166-1380-445D-AEC1-8A18B990DD18}.Release|Any CPU.Build.0 = Release|Any CPU
		{C28B1166-1380-445D-AEC1-8A18B990DD18}.Release|Mixed Platforms.ActiveCfg = Release|Any CPU
		{C28B1166-1380-445D-AEC1-8A18B990DD18}.Release|Mixed Platforms.Build.0 = Release|Any CPU
		{C28B1166-1380-445D-AEC1-8A18B990DD18}.Release|x64.ActiveCfg = Release|Any CPU
		{C28B1166-1380-445D-AEC1-8A18B990DD18}.Release|x86.ActiveCfg = Release|Any CPU
		{DC704374-EC50-4167-93AA-8D262136502E}.Commercial|Any CPU.ActiveCfg = Release|Any CPU
		{DC704374-EC50-4167-93AA-8D262136502E}.Commercial|Any CPU.Build.0 = Release|Any CPU
		{DC704374-EC50-4167-93AA-8D262136502E}.Commercial|Mixed Platforms.ActiveCfg = Release|Any CPU
		{DC704374-EC50-4167-93AA-8D262136502E}.Commercial|Mixed Platforms.Build.0 = Release|Any CPU
		{DC704374-EC50-4167-93AA-8D262136502E}.Commercial|x64.ActiveCfg = Release|Any CPU
		{DC704374-EC50-4167-93AA-8D262136502E}.Commercial|x86.ActiveCfg = Release|Any CPU
		{DC704374-EC50-4167-93AA-8D262136502E}.Debug|Any CPU.ActiveCfg = Debug|Any CPU
		{DC704374-EC50-4167-93AA-8D262136502E}.Debug|Any CPU.Build.0 = Debug|Any CPU
		{DC704374-EC50-4167-93AA-8D262136502E}.Debug|Mixed Platforms.ActiveCfg = Debug|Any CPU
		{DC704374-EC50-4167-93AA-8D262136502E}.Debug|Mixed Platforms.Build.0 = Debug|Any CPU
		{DC704374-EC50-4167-93AA-8D262136502E}.Debug|x64.ActiveCfg = Debug|Any CPU
		{DC704374-EC50-4167-93AA-8D262136502E}.Debug|x86.ActiveCfg = Debug|Any CPU
		{DC704374-EC50-4167-93AA-8D262136502E}.GPL|Any CPU.ActiveCfg = Release|Any CPU
		{DC704374-EC50-4167-93AA-8D262136502E}.GPL|Any CPU.Build.0 = Release|Any CPU
		{DC704374-EC50-4167-93AA-8D262136502E}.GPL|Mixed Platforms.ActiveCfg = Release|Any CPU
		{DC704374-EC50-4167-93AA-8D262136502E}.GPL|Mixed Platforms.Build.0 = Release|Any CPU
		{DC704374-EC50-4167-93AA-8D262136502E}.GPL|x64.ActiveCfg = Release|Any CPU
		{DC704374-EC50-4167-93AA-8D262136502E}.GPL|x86.ActiveCfg = Release|Any CPU
		{DC704374-EC50-4167-93AA-8D262136502E}.Release|Any CPU.ActiveCfg = Release|Any CPU
		{DC704374-EC50-4167-93AA-8D262136502E}.Release|Any CPU.Build.0 = Release|Any CPU
		{DC704374-EC50-4167-93AA-8D262136502E}.Release|Mixed Platforms.ActiveCfg = Release|Any CPU
		{DC704374-EC50-4167-93AA-8D262136502E}.Release|Mixed Platforms.Build.0 = Release|Any CPU
		{DC704374-EC50-4167-93AA-8D262136502E}.Release|x64.ActiveCfg = Release|Any CPU
		{DC704374-EC50-4167-93AA-8D262136502E}.Release|x86.ActiveCfg = Release|Any CPU
		{E9DF5ED1-4CBD-4226-B931-9A51610AC14D}.Commercial|Any CPU.ActiveCfg = Release|Any CPU
		{E9DF5ED1-4CBD-4226-B931-9A51610AC14D}.Commercial|Any CPU.Build.0 = Release|Any CPU
		{E9DF5ED1-4CBD-4226-B931-9A51610AC14D}.Commercial|Mixed Platforms.ActiveCfg = Release|Any CPU
		{E9DF5ED1-4CBD-4226-B931-9A51610AC14D}.Commercial|Mixed Platforms.Build.0 = Release|Any CPU
		{E9DF5ED1-4CBD-4226-B931-9A51610AC14D}.Commercial|x64.ActiveCfg = Release|x86
		{E9DF5ED1-4CBD-4226-B931-9A51610AC14D}.Commercial|x86.ActiveCfg = Release|x86
		{E9DF5ED1-4CBD-4226-B931-9A51610AC14D}.Commercial|x86.Build.0 = Release|x86
		{E9DF5ED1-4CBD-4226-B931-9A51610AC14D}.Debug|Any CPU.ActiveCfg = Debug|Any CPU
		{E9DF5ED1-4CBD-4226-B931-9A51610AC14D}.Debug|Any CPU.Build.0 = Debug|Any CPU
		{E9DF5ED1-4CBD-4226-B931-9A51610AC14D}.Debug|Mixed Platforms.ActiveCfg = Debug|Any CPU
		{E9DF5ED1-4CBD-4226-B931-9A51610AC14D}.Debug|Mixed Platforms.Build.0 = Debug|Any CPU
		{E9DF5ED1-4CBD-4226-B931-9A51610AC14D}.Debug|x64.ActiveCfg = Debug|x86
		{E9DF5ED1-4CBD-4226-B931-9A51610AC14D}.Debug|x86.ActiveCfg = Debug|x86
		{E9DF5ED1-4CBD-4226-B931-9A51610AC14D}.Debug|x86.Build.0 = Debug|x86
		{E9DF5ED1-4CBD-4226-B931-9A51610AC14D}.GPL|Any CPU.ActiveCfg = Release|Any CPU
		{E9DF5ED1-4CBD-4226-B931-9A51610AC14D}.GPL|Any CPU.Build.0 = Release|Any CPU
		{E9DF5ED1-4CBD-4226-B931-9A51610AC14D}.GPL|Mixed Platforms.ActiveCfg = Release|Any CPU
		{E9DF5ED1-4CBD-4226-B931-9A51610AC14D}.GPL|Mixed Platforms.Build.0 = Release|Any CPU
		{E9DF5ED1-4CBD-4226-B931-9A51610AC14D}.GPL|x64.ActiveCfg = Release|x86
		{E9DF5ED1-4CBD-4226-B931-9A51610AC14D}.GPL|x86.ActiveCfg = Release|x86
		{E9DF5ED1-4CBD-4226-B931-9A51610AC14D}.GPL|x86.Build.0 = Release|x86
		{E9DF5ED1-4CBD-4226-B931-9A51610AC14D}.Release|Any CPU.ActiveCfg = Release|Any CPU
		{E9DF5ED1-4CBD-4226-B931-9A51610AC14D}.Release|Any CPU.Build.0 = Release|Any CPU
		{E9DF5ED1-4CBD-4226-B931-9A51610AC14D}.Release|Mixed Platforms.ActiveCfg = Release|Any CPU
		{E9DF5ED1-4CBD-4226-B931-9A51610AC14D}.Release|Mixed Platforms.Build.0 = Release|Any CPU
		{E9DF5ED1-4CBD-4226-B931-9A51610AC14D}.Release|x64.ActiveCfg = Release|x86
		{E9DF5ED1-4CBD-4226-B931-9A51610AC14D}.Release|x86.ActiveCfg = Release|x86
		{E9DF5ED1-4CBD-4226-B931-9A51610AC14D}.Release|x86.Build.0 = Release|x86
		{F29E5B3D-7F76-4CF9-BF5E-8E3A1377B1E4}.Commercial|Any CPU.ActiveCfg = Release|Any CPU
		{F29E5B3D-7F76-4CF9-BF5E-8E3A1377B1E4}.Commercial|Any CPU.Build.0 = Release|Any CPU
		{F29E5B3D-7F76-4CF9-BF5E-8E3A1377B1E4}.Commercial|Mixed Platforms.ActiveCfg = Release|Any CPU
		{F29E5B3D-7F76-4CF9-BF5E-8E3A1377B1E4}.Commercial|Mixed Platforms.Build.0 = Release|Any CPU
		{F29E5B3D-7F76-4CF9-BF5E-8E3A1377B1E4}.Commercial|x64.ActiveCfg = Release|Any CPU
		{F29E5B3D-7F76-4CF9-BF5E-8E3A1377B1E4}.Commercial|x86.ActiveCfg = Release|Any CPU
		{F29E5B3D-7F76-4CF9-BF5E-8E3A1377B1E4}.Debug|Any CPU.ActiveCfg = Debug|Any CPU
		{F29E5B3D-7F76-4CF9-BF5E-8E3A1377B1E4}.Debug|Any CPU.Build.0 = Debug|Any CPU
		{F29E5B3D-7F76-4CF9-BF5E-8E3A1377B1E4}.Debug|Mixed Platforms.ActiveCfg = Debug|Any CPU
		{F29E5B3D-7F76-4CF9-BF5E-8E3A1377B1E4}.Debug|Mixed Platforms.Build.0 = Debug|Any CPU
		{F29E5B3D-7F76-4CF9-BF5E-8E3A1377B1E4}.Debug|x64.ActiveCfg = Debug|Any CPU
		{F29E5B3D-7F76-4CF9-BF5E-8E3A1377B1E4}.Debug|x86.ActiveCfg = Debug|Any CPU
		{F29E5B3D-7F76-4CF9-BF5E-8E3A1377B1E4}.GPL|Any CPU.ActiveCfg = Release|Any CPU
		{F29E5B3D-7F76-4CF9-BF5E-8E3A1377B1E4}.GPL|Any CPU.Build.0 = Release|Any CPU
		{F29E5B3D-7F76-4CF9-BF5E-8E3A1377B1E4}.GPL|Mixed Platforms.ActiveCfg = Release|Any CPU
		{F29E5B3D-7F76-4CF9-BF5E-8E3A1377B1E4}.GPL|Mixed Platforms.Build.0 = Release|Any CPU
		{F29E5B3D-7F76-4CF9-BF5E-8E3A1377B1E4}.GPL|x64.ActiveCfg = Release|Any CPU
		{F29E5B3D-7F76-4CF9-BF5E-8E3A1377B1E4}.GPL|x86.ActiveCfg = Release|Any CPU
		{F29E5B3D-7F76-4CF9-BF5E-8E3A1377B1E4}.Release|Any CPU.ActiveCfg = Release|Any CPU
		{F29E5B3D-7F76-4CF9-BF5E-8E3A1377B1E4}.Release|Any CPU.Build.0 = Release|Any CPU
		{F29E5B3D-7F76-4CF9-BF5E-8E3A1377B1E4}.Release|Mixed Platforms.ActiveCfg = Release|Any CPU
		{F29E5B3D-7F76-4CF9-BF5E-8E3A1377B1E4}.Release|Mixed Platforms.Build.0 = Release|Any CPU
		{F29E5B3D-7F76-4CF9-BF5E-8E3A1377B1E4}.Release|x64.ActiveCfg = Release|Any CPU
		{F29E5B3D-7F76-4CF9-BF5E-8E3A1377B1E4}.Release|x86.ActiveCfg = Release|Any CPU
		{F533FC43-6C05-4A64-8AF6-72B690EB06C3}.Commercial|Any CPU.ActiveCfg = Commercial|x86
		{F533FC43-6C05-4A64-8AF6-72B690EB06C3}.Commercial|Any CPU.Build.0 = Commercial|x86
		{F533FC43-6C05-4A64-8AF6-72B690EB06C3}.Commercial|Mixed Platforms.ActiveCfg = Commercial|x86
		{F533FC43-6C05-4A64-8AF6-72B690EB06C3}.Commercial|Mixed Platforms.Build.0 = Commercial|x86
		{F533FC43-6C05-4A64-8AF6-72B690EB06C3}.Commercial|x64.ActiveCfg = Commercial|x86
		{F533FC43-6C05-4A64-8AF6-72B690EB06C3}.Commercial|x86.ActiveCfg = Commercial|x86
		{F533FC43-6C05-4A64-8AF6-72B690EB06C3}.Commercial|x86.Build.0 = Commercial|x86
		{F533FC43-6C05-4A64-8AF6-72B690EB06C3}.Debug|Any CPU.ActiveCfg = Commercial|x86
		{F533FC43-6C05-4A64-8AF6-72B690EB06C3}.Debug|Mixed Platforms.ActiveCfg = Commercial|x86
		{F533FC43-6C05-4A64-8AF6-72B690EB06C3}.Debug|Mixed Platforms.Build.0 = Commercial|x86
		{F533FC43-6C05-4A64-8AF6-72B690EB06C3}.Debug|x64.ActiveCfg = Commercial|x86
		{F533FC43-6C05-4A64-8AF6-72B690EB06C3}.Debug|x86.ActiveCfg = Commercial|x86
		{F533FC43-6C05-4A64-8AF6-72B690EB06C3}.Debug|x86.Build.0 = Commercial|x86
		{F533FC43-6C05-4A64-8AF6-72B690EB06C3}.GPL|Any CPU.ActiveCfg = GPL|x86
		{F533FC43-6C05-4A64-8AF6-72B690EB06C3}.GPL|Any CPU.Build.0 = GPL|x86
		{F533FC43-6C05-4A64-8AF6-72B690EB06C3}.GPL|Mixed Platforms.ActiveCfg = GPL|x86
		{F533FC43-6C05-4A64-8AF6-72B690EB06C3}.GPL|Mixed Platforms.Build.0 = GPL|x86
		{F533FC43-6C05-4A64-8AF6-72B690EB06C3}.GPL|x64.ActiveCfg = GPL|x86
		{F533FC43-6C05-4A64-8AF6-72B690EB06C3}.GPL|x86.ActiveCfg = GPL|x86
		{F533FC43-6C05-4A64-8AF6-72B690EB06C3}.GPL|x86.Build.0 = GPL|x86
		{F533FC43-6C05-4A64-8AF6-72B690EB06C3}.Release|Any CPU.ActiveCfg = Commercial|x86
		{F533FC43-6C05-4A64-8AF6-72B690EB06C3}.Release|Mixed Platforms.ActiveCfg = Commercial|x86
		{F533FC43-6C05-4A64-8AF6-72B690EB06C3}.Release|Mixed Platforms.Build.0 = Commercial|x86
		{F533FC43-6C05-4A64-8AF6-72B690EB06C3}.Release|x64.ActiveCfg = Commercial|x86
		{F533FC43-6C05-4A64-8AF6-72B690EB06C3}.Release|x86.ActiveCfg = Commercial|x86
		{F533FC43-6C05-4A64-8AF6-72B690EB06C3}.Release|x86.Build.0 = Commercial|x86
	EndGlobalSection
	GlobalSection(MonoDevelopProperties) = preSolution
		StartupItem = MySql.Web\Providers\MySql.Web.csproj
		version = 0.1
	EndGlobalSection
	GlobalSection(SolutionProperties) = preSolution
		HideSolutionNode = FALSE
	EndGlobalSection
EndGlobal
