
Microsoft Visual Studio Solution File, Format Version 12.00
# Visual Studio 15
VisualStudioVersion = 15.0.26228.9
MinimumVisualStudioVersion = 10.0.40219.1
Project("{9A19103F-16F7-4668-BE54-9A1E7A4F7556}") = "MySql.Web", "Source\MySql.Web\MySql.Web.csproj", "{17C63FF1-2BD7-4360-A705-F3F71BD22D54}"
EndProject
Project("{2150E333-8FDC-42A3-9474-1A3956D46DE8}") = "Source", "Source", "{9BFDCA33-B9AE-492D-9683-27453A21619A}"
EndProject
Project("{2150E333-8FDC-42A3-9474-1A3956D46DE8}") = "Tests", "Tests", "{51F7A992-54C6-446C-BFF9-F9DD519D9749}"
EndProject
Project("{9A19103F-16F7-4668-BE54-9A1E7A4F7556}") = "MySql.Data.EntityFrameworkCore", "Source\MySql.Data.EntityFrameworkCore\MySql.Data.EntityFrameworkCore.csproj", "{0EAC0F65-91F8-429A-B850-EA4EF5C3417D}"
EndProject
Project("{9A19103F-16F7-4668-BE54-9A1E7A4F7556}") = "MySql.Data.EntityFrameworkCore.Design", "Source\MySql.Data.EntityFrameworkCore.Design\MySql.Data.EntityFrameworkCore.Design.csproj", "{4627C9F0-7CC2-4520-B258-D0C21C16FC78}"
EndProject
Project("{9A19103F-16F7-4668-BE54-9A1E7A4F7556}") = "MySql.EntityFrameworkCore.Basic.Tests", "Tests\MySql.EntityFrameworkCore.Basic.Tests\MySql.EntityFrameworkCore.Basic.Tests.csproj", "{96EE55A4-6451-41E2-B7E4-79636417C3AD}"
EndProject
Project("{9A19103F-16F7-4668-BE54-9A1E7A4F7556}") = "MySql.EntityFrameworkCore.Design.Tests", "Tests\MySql.EntityFrameworkCore.Design.Tests\MySql.EntityFrameworkCore.Design.Tests.csproj", "{30ABB360-7FC6-4E9B-9D62-7844A1696110}"
EndProject
Project("{9A19103F-16F7-4668-BE54-9A1E7A4F7556}") = "MySql.EntityFrameworkCore.Migrations.Tests", "Tests\MySql.EntityFrameworkCore.Migrations.Tests\MySql.EntityFrameworkCore.Migrations.Tests.csproj", "{17ED63D6-3BCD-4108-AB59-119DD18A9C94}"
EndProject
Project("{9A19103F-16F7-4668-BE54-9A1E7A4F7556}") = "MySql.Data.Entity.EF6", "Source\MySql.Data.Entity.EF6\MySql.Data.Entity.EF6.csproj", "{5133F27E-56BA-4D46-8795-1E22DACF4164}"
EndProject
Project("{9A19103F-16F7-4668-BE54-9A1E7A4F7556}") = "MySql.Data.Tests", "Tests\MySql.Data.Tests\MySql.Data.Tests.csproj", "{E4AD9931-1E5F-4249-8F12-60A2786AD075}"
EndProject
Project("{9A19103F-16F7-4668-BE54-9A1E7A4F7556}") = "MySql.Data", "Source\MySql.Data\MySql.Data.csproj", "{BAEF7B9E-F731-4A25-A872-3B0F1651BDF5}"
EndProject
Global
	GlobalSection(SolutionConfigurationPlatforms) = preSolution
		Debug|Any CPU = Debug|Any CPU
		Release|Any CPU = Release|Any CPU
	EndGlobalSection
	GlobalSection(ProjectConfigurationPlatforms) = postSolution
		{17C63FF1-2BD7-4360-A705-F3F71BD22D54}.Debug|Any CPU.ActiveCfg = Debug|Any CPU
		{17C63FF1-2BD7-4360-A705-F3F71BD22D54}.Debug|Any CPU.Build.0 = Debug|Any CPU
		{17C63FF1-2BD7-4360-A705-F3F71BD22D54}.Release|Any CPU.ActiveCfg = Release|Any CPU
		{17C63FF1-2BD7-4360-A705-F3F71BD22D54}.Release|Any CPU.Build.0 = Release|Any CPU
		{0EAC0F65-91F8-429A-B850-EA4EF5C3417D}.Debug|Any CPU.ActiveCfg = Debug|Any CPU
		{0EAC0F65-91F8-429A-B850-EA4EF5C3417D}.Debug|Any CPU.Build.0 = Debug|Any CPU
		{0EAC0F65-91F8-429A-B850-EA4EF5C3417D}.Release|Any CPU.ActiveCfg = Release|Any CPU
		{0EAC0F65-91F8-429A-B850-EA4EF5C3417D}.Release|Any CPU.Build.0 = Release|Any CPU
		{4627C9F0-7CC2-4520-B258-D0C21C16FC78}.Debug|Any CPU.ActiveCfg = Debug|Any CPU
		{4627C9F0-7CC2-4520-B258-D0C21C16FC78}.Debug|Any CPU.Build.0 = Debug|Any CPU
		{4627C9F0-7CC2-4520-B258-D0C21C16FC78}.Release|Any CPU.ActiveCfg = Release|Any CPU
		{4627C9F0-7CC2-4520-B258-D0C21C16FC78}.Release|Any CPU.Build.0 = Release|Any CPU
		{96EE55A4-6451-41E2-B7E4-79636417C3AD}.Debug|Any CPU.ActiveCfg = Debug|Any CPU
		{96EE55A4-6451-41E2-B7E4-79636417C3AD}.Release|Any CPU.ActiveCfg = Release|Any CPU
		{30ABB360-7FC6-4E9B-9D62-7844A1696110}.Debug|Any CPU.ActiveCfg = Debug|Any CPU
		{30ABB360-7FC6-4E9B-9D62-7844A1696110}.Release|Any CPU.ActiveCfg = Release|Any CPU
		{17ED63D6-3BCD-4108-AB59-119DD18A9C94}.Debug|Any CPU.ActiveCfg = Debug|Any CPU
		{17ED63D6-3BCD-4108-AB59-119DD18A9C94}.Release|Any CPU.ActiveCfg = Release|Any CPU
		{5133F27E-56BA-4D46-8795-1E22DACF4164}.Debug|Any CPU.ActiveCfg = Debug|Any CPU
		{5133F27E-56BA-4D46-8795-1E22DACF4164}.Debug|Any CPU.Build.0 = Debug|Any CPU
		{5133F27E-56BA-4D46-8795-1E22DACF4164}.Release|Any CPU.ActiveCfg = Release|Any CPU
		{5133F27E-56BA-4D46-8795-1E22DACF4164}.Release|Any CPU.Build.0 = Release|Any CPU
		{E4AD9931-1E5F-4249-8F12-60A2786AD075}.Debug|Any CPU.ActiveCfg = Debug|Any CPU
		{E4AD9931-1E5F-4249-8F12-60A2786AD075}.Debug|Any CPU.Build.0 = Debug|Any CPU
		{E4AD9931-1E5F-4249-8F12-60A2786AD075}.Release|Any CPU.ActiveCfg = Release|Any CPU
		{E4AD9931-1E5F-4249-8F12-60A2786AD075}.Release|Any CPU.Build.0 = Release|Any CPU
		{BAEF7B9E-F731-4A25-A872-3B0F1651BDF5}.Debug|Any CPU.ActiveCfg = Debug|Any CPU
		{BAEF7B9E-F731-4A25-A872-3B0F1651BDF5}.Debug|Any CPU.Build.0 = Debug|Any CPU
		{BAEF7B9E-F731-4A25-A872-3B0F1651BDF5}.Release|Any CPU.ActiveCfg = Release|Any CPU
		{BAEF7B9E-F731-4A25-A872-3B0F1651BDF5}.Release|Any CPU.Build.0 = Release|Any CPU
	EndGlobalSection
	GlobalSection(SolutionProperties) = preSolution
		HideSolutionNode = FALSE
	EndGlobalSection
	GlobalSection(NestedProjects) = preSolution
		{17C63FF1-2BD7-4360-A705-F3F71BD22D54} = {9BFDCA33-B9AE-492D-9683-27453A21619A}
		{0EAC0F65-91F8-429A-B850-EA4EF5C3417D} = {9BFDCA33-B9AE-492D-9683-27453A21619A}
		{4627C9F0-7CC2-4520-B258-D0C21C16FC78} = {9BFDCA33-B9AE-492D-9683-27453A21619A}
		{96EE55A4-6451-41E2-B7E4-79636417C3AD} = {51F7A992-54C6-446C-BFF9-F9DD519D9749}
		{30ABB360-7FC6-4E9B-9D62-7844A1696110} = {51F7A992-54C6-446C-BFF9-F9DD519D9749}
		{17ED63D6-3BCD-4108-AB59-119DD18A9C94} = {51F7A992-54C6-446C-BFF9-F9DD519D9749}
		{5133F27E-56BA-4D46-8795-1E22DACF4164} = {9BFDCA33-B9AE-492D-9683-27453A21619A}
		{E4AD9931-1E5F-4249-8F12-60A2786AD075} = {51F7A992-54C6-446C-BFF9-F9DD519D9749}
		{BAEF7B9E-F731-4A25-A872-3B0F1651BDF5} = {9BFDCA33-B9AE-492D-9683-27453A21619A}
	EndGlobalSection
EndGlobal
