
Microsoft Visual Studio Solution File, Format Version 12.00
# Visual Studio 14
VisualStudioVersion = 14.0.24720.0
MinimumVisualStudioVersion = 10.0.40219.1
Project("{930C7802-8A8C-48F9-8165-68863BCCD9DD}") = "Installer", "Installer\Installer.wixproj", "{F533FC43-6C05-4A64-8AF6-72B690EB06C3}"
	ProjectSection(ProjectDependencies) = postProject
		{CDB0903E-AC9C-409D-B5FE-3D30F31E14EB} = {CDB0903E-AC9C-409D-B5FE-3D30F31E14EB}
	EndProjectSection
EndProject
Project("{FAE04EC0-301F-11D3-BF4B-00C04F79EFBC}") = "MySql.ConnectorInstaller", "Source\MySql.ConnectorInstaller\MySql.ConnectorInstaller.csproj", "{CDB0903E-AC9C-409D-B5FE-3D30F31E14EB}"
EndProject
Global
	GlobalSection(SolutionConfigurationPlatforms) = preSolution
		Commercial|Any CPU = Commercial|Any CPU
		Commercial|x86 = Commercial|x86
		Debug|Any CPU = Debug|Any CPU
		Debug|x86 = Debug|x86
		GPL|Any CPU = GPL|Any CPU
		GPL|x86 = GPL|x86
		Release|Any CPU = Release|Any CPU
		Release|x86 = Release|x86
	EndGlobalSection
	GlobalSection(ProjectConfigurationPlatforms) = postSolution
		{F533FC43-6C05-4A64-8AF6-72B690EB06C3}.Commercial|Any CPU.ActiveCfg = Commercial|x86
		{F533FC43-6C05-4A64-8AF6-72B690EB06C3}.Commercial|x86.ActiveCfg = Commercial|x86
		{F533FC43-6C05-4A64-8AF6-72B690EB06C3}.Commercial|x86.Build.0 = Commercial|x86
		{F533FC43-6C05-4A64-8AF6-72B690EB06C3}.Debug|Any CPU.ActiveCfg = GPL|x86
		{F533FC43-6C05-4A64-8AF6-72B690EB06C3}.Debug|Any CPU.Build.0 = GPL|x86
		{F533FC43-6C05-4A64-8AF6-72B690EB06C3}.Debug|x86.ActiveCfg = GPL|x86
		{F533FC43-6C05-4A64-8AF6-72B690EB06C3}.Debug|x86.Build.0 = GPL|x86
		{F533FC43-6C05-4A64-8AF6-72B690EB06C3}.GPL|Any CPU.ActiveCfg = GPL|x86
		{F533FC43-6C05-4A64-8AF6-72B690EB06C3}.GPL|x86.ActiveCfg = GPL|x86
		{F533FC43-6C05-4A64-8AF6-72B690EB06C3}.GPL|x86.Build.0 = GPL|x86
		{F533FC43-6C05-4A64-8AF6-72B690EB06C3}.Release|Any CPU.ActiveCfg = GPL|x86
		{F533FC43-6C05-4A64-8AF6-72B690EB06C3}.Release|Any CPU.Build.0 = GPL|x86
		{F533FC43-6C05-4A64-8AF6-72B690EB06C3}.Release|x86.ActiveCfg = GPL|x86
		{F533FC43-6C05-4A64-8AF6-72B690EB06C3}.Release|x86.Build.0 = GPL|x86
		{CDB0903E-AC9C-409D-B5FE-3D30F31E14EB}.Commercial|Any CPU.ActiveCfg = Release|Any CPU
		{CDB0903E-AC9C-409D-B5FE-3D30F31E14EB}.Commercial|Any CPU.Build.0 = Release|Any CPU
		{CDB0903E-AC9C-409D-B5FE-3D30F31E14EB}.Commercial|x86.ActiveCfg = Release|Any CPU
		{CDB0903E-AC9C-409D-B5FE-3D30F31E14EB}.Commercial|x86.Build.0 = Release|Any CPU
		{CDB0903E-AC9C-409D-B5FE-3D30F31E14EB}.Debug|Any CPU.ActiveCfg = Debug|Any CPU
		{CDB0903E-AC9C-409D-B5FE-3D30F31E14EB}.Debug|Any CPU.Build.0 = Debug|Any CPU
		{CDB0903E-AC9C-409D-B5FE-3D30F31E14EB}.Debug|x86.ActiveCfg = Debug|Any CPU
		{CDB0903E-AC9C-409D-B5FE-3D30F31E14EB}.Debug|x86.Build.0 = Debug|Any CPU
		{CDB0903E-AC9C-409D-B5FE-3D30F31E14EB}.GPL|Any CPU.ActiveCfg = Release|Any CPU
		{CDB0903E-AC9C-409D-B5FE-3D30F31E14EB}.GPL|Any CPU.Build.0 = Release|Any CPU
		{CDB0903E-AC9C-409D-B5FE-3D30F31E14EB}.GPL|x86.ActiveCfg = Release|Any CPU
		{CDB0903E-AC9C-409D-B5FE-3D30F31E14EB}.GPL|x86.Build.0 = Release|Any CPU
		{CDB0903E-AC9C-409D-B5FE-3D30F31E14EB}.Release|Any CPU.ActiveCfg = Release|Any CPU
		{CDB0903E-AC9C-409D-B5FE-3D30F31E14EB}.Release|Any CPU.Build.0 = Release|Any CPU
		{CDB0903E-AC9C-409D-B5FE-3D30F31E14EB}.Release|x86.ActiveCfg = Release|Any CPU
		{CDB0903E-AC9C-409D-B5FE-3D30F31E14EB}.Release|x86.Build.0 = Release|Any CPU
	EndGlobalSection
	GlobalSection(SolutionProperties) = preSolution
		HideSolutionNode = FALSE
	EndGlobalSection
EndGlobal
