
Microsoft Visual Studio Solution File, Format Version 12.00
# Visual Studio 2013
VisualStudioVersion = 12.0.21005.1
MinimumVisualStudioVersion = 10.0.40219.1
Project("{FAE04EC0-301F-11D3-BF4B-00C04F79EFBC}") = "PortableConnectorNet", "PortableConnectorNet\PortableConnectorNet.csproj", "{652CE384-C817-44B7-B9E8-7297514D9FF1}"
EndProject
Project("{FAE04EC0-301F-11D3-BF4B-00C04F79EFBC}") = "PortableConnectorNetTests", "PortableConnectorNetTests\PortableConnectorNetTests.csproj", "{CAA32940-8FAD-4B2C-B0DE-937592F2B7D4}"
EndProject
Global
	GlobalSection(SolutionConfigurationPlatforms) = preSolution
		Debug|Any CPU = Debug|Any CPU
		Release|Any CPU = Release|Any CPU
	EndGlobalSection
	GlobalSection(ProjectConfigurationPlatforms) = postSolution
		{652CE384-C817-44B7-B9E8-7297514D9FF1}.Debug|Any CPU.ActiveCfg = Debug|Any CPU
		{652CE384-C817-44B7-B9E8-7297514D9FF1}.Debug|Any CPU.Build.0 = Debug|Any CPU
		{652CE384-C817-44B7-B9E8-7297514D9FF1}.Release|Any CPU.ActiveCfg = Release|Any CPU
		{652CE384-C817-44B7-B9E8-7297514D9FF1}.Release|Any CPU.Build.0 = Release|Any CPU
		{CAA32940-8FAD-4B2C-B0DE-937592F2B7D4}.Debug|Any CPU.ActiveCfg = Debug|Any CPU
		{CAA32940-8FAD-4B2C-B0DE-937592F2B7D4}.Debug|Any CPU.Build.0 = Debug|Any CPU
		{CAA32940-8FAD-4B2C-B0DE-937592F2B7D4}.Release|Any CPU.ActiveCfg = Release|Any CPU
		{CAA32940-8FAD-4B2C-B0DE-937592F2B7D4}.Release|Any CPU.Build.0 = Release|Any CPU
	EndGlobalSection
	GlobalSection(SolutionProperties) = preSolution
		HideSolutionNode = FALSE
	EndGlobalSection
EndGlobal
