
Microsoft Visual Studio Solution File, Format Version 12.00
# Visual Studio 15
VisualStudioVersion = 15.0.26228.9
MinimumVisualStudioVersion = 10.0.40219.1
Project("{9A19103F-16F7-4668-BE54-9A1E7A4F7556}") = "MySql.Data", "src\MySql.Data.csproj", "{7A633828-462A-4D97-A99B-48AAB8DF21F4}"
EndProject
Project("{9A19103F-16F7-4668-BE54-9A1E7A4F7556}") = "MySql.Data.Tests", "tests\MySql.Data.Tests.csproj", "{37340E41-06A9-4C10-ACF1-34F4536FD2C5}"
EndProject
Global
	GlobalSection(SolutionConfigurationPlatforms) = preSolution
		Debug|Any CPU = Debug|Any CPU
		Release|Any CPU = Release|Any CPU
	EndGlobalSection
	GlobalSection(ProjectConfigurationPlatforms) = postSolution
		{7A633828-462A-4D97-A99B-48AAB8DF21F4}.Debug|Any CPU.ActiveCfg = Debug|Any CPU
		{7A633828-462A-4D97-A99B-48AAB8DF21F4}.Debug|Any CPU.Build.0 = Debug|Any CPU
		{7A633828-462A-4D97-A99B-48AAB8DF21F4}.Release|Any CPU.ActiveCfg = Release|Any CPU
		{7A633828-462A-4D97-A99B-48AAB8DF21F4}.Release|Any CPU.Build.0 = Release|Any CPU
		{37340E41-06A9-4C10-ACF1-34F4536FD2C5}.Debug|Any CPU.ActiveCfg = Debug|Any CPU
		{37340E41-06A9-4C10-ACF1-34F4536FD2C5}.Debug|Any CPU.Build.0 = Debug|Any CPU
		{37340E41-06A9-4C10-ACF1-34F4536FD2C5}.Release|Any CPU.ActiveCfg = Release|Any CPU
		{37340E41-06A9-4C10-ACF1-34F4536FD2C5}.Release|Any CPU.Build.0 = Release|Any CPU
	EndGlobalSection
	GlobalSection(SolutionProperties) = preSolution
		HideSolutionNode = FALSE
	EndGlobalSection
EndGlobal
