
Microsoft Visual Studio Solution File, Format Version 12.00
# Visual Studio Version 17
VisualStudioVersion = 17.4.33103.184
MinimumVisualStudioVersion = 10.0.40219.1
Project("{9A19103F-16F7-4668-BE54-9A1E7A4F7556}") = "MySQL.Data.OpenTelemetry", "src\MySQL.Data.OpenTelemetry.csproj", "{60C2984E-BF90-43AA-83CC-47F5BFF8459A}"
EndProject
Global
	GlobalSection(SolutionConfigurationPlatforms) = preSolution
		Debug|Any CPU = Debug|Any CPU
		Release|Any CPU = Release|Any CPU
	EndGlobalSection
	GlobalSection(ProjectConfigurationPlatforms) = postSolution
		{60C2984E-BF90-43AA-83CC-47F5BFF8459A}.Debug|Any CPU.ActiveCfg = Debug|Any CPU
		{60C2984E-BF90-43AA-83CC-47F5BFF8459A}.Debug|Any CPU.Build.0 = Debug|Any CPU
		{60C2984E-BF90-43AA-83CC-47F5BFF8459A}.Release|Any CPU.ActiveCfg = Release|Any CPU
		{60C2984E-BF90-43AA-83CC-47F5BFF8459A}.Release|Any CPU.Build.0 = Release|Any CPU
	EndGlobalSection
	GlobalSection(SolutionProperties) = preSolution
		HideSolutionNode = FALSE
	EndGlobalSection
	GlobalSection(ExtensibilityGlobals) = postSolution
		SolutionGuid = {C2FF3DAD-CC92-43CB-9E98-480F4E9FDD32}
	EndGlobalSection
EndGlobal
