
Microsoft Visual Studio Solution File, Format Version 12.00
# Visual Studio Version 16
VisualStudioVersion = 16.0.29613.14
MinimumVisualStudioVersion = 10.0.40219.1
Project("{9A19103F-16F7-4668-BE54-9A1E7A4F7556}") = "MySql.Data", "..\MySQL.Data\src\MySql.Data.csproj", "{211964C5-1F3B-4D2B-8E25-BC40141D697E}"
EndProject
Project("{9A19103F-16F7-4668-BE54-9A1E7A4F7556}") = "MySql.EntityFrameworkCore.Basic.Tests", "tests\MySql.EFCore.Basic.Tests\MySql.EntityFrameworkCore.Basic.Tests.csproj", "{DBEAF9A0-D13D-4CBE-BC43-CCEAC085C3AB}"
EndProject
Project("{9A19103F-16F7-4668-BE54-9A1E7A4F7556}") = "MySql.EntityFrameworkCore.Design.Tests", "tests\MySql.EFCore.Design.Tests\MySql.EntityFrameworkCore.Design.Tests.csproj", "{5E6821FE-243C-41FB-A9E3-120687ABE238}"
EndProject
Project("{9A19103F-16F7-4668-BE54-9A1E7A4F7556}") = "MySql.EntityFrameworkCore.Migrations.Tests", "tests\MySql.EFCore.Migrations.Tests\MySql.EntityFrameworkCore.Migrations.Tests.csproj", "{AF10E1F7-EEEB-41B7-B8F8-AA6E45DF6493}"
EndProject
Project("{9A19103F-16F7-4668-BE54-9A1E7A4F7556}") = "MySql.EntityFrameworkCore", "src\MySql.EntityFrameworkCore.csproj", "{4935154D-018E-4D41-AD2D-E50FBD350EF9}"
EndProject
Global
	GlobalSection(SolutionConfigurationPlatforms) = preSolution
		Debug|Any CPU = Debug|Any CPU
		Release|Any CPU = Release|Any CPU
	EndGlobalSection
	GlobalSection(ProjectConfigurationPlatforms) = postSolution
		{211964C5-1F3B-4D2B-8E25-BC40141D697E}.Debug|Any CPU.ActiveCfg = Debug|Any CPU
		{211964C5-1F3B-4D2B-8E25-BC40141D697E}.Debug|Any CPU.Build.0 = Debug|Any CPU
		{211964C5-1F3B-4D2B-8E25-BC40141D697E}.Release|Any CPU.ActiveCfg = Release|Any CPU
		{211964C5-1F3B-4D2B-8E25-BC40141D697E}.Release|Any CPU.Build.0 = Release|Any CPU
		{DBEAF9A0-D13D-4CBE-BC43-CCEAC085C3AB}.Debug|Any CPU.ActiveCfg = Debug|Any CPU
		{DBEAF9A0-D13D-4CBE-BC43-CCEAC085C3AB}.Debug|Any CPU.Build.0 = Debug|Any CPU
		{DBEAF9A0-D13D-4CBE-BC43-CCEAC085C3AB}.Release|Any CPU.ActiveCfg = Release|Any CPU
		{DBEAF9A0-D13D-4CBE-BC43-CCEAC085C3AB}.Release|Any CPU.Build.0 = Release|Any CPU
		{5E6821FE-243C-41FB-A9E3-120687ABE238}.Debug|Any CPU.ActiveCfg = Debug|Any CPU
		{5E6821FE-243C-41FB-A9E3-120687ABE238}.Debug|Any CPU.Build.0 = Debug|Any CPU
		{5E6821FE-243C-41FB-A9E3-120687ABE238}.Release|Any CPU.ActiveCfg = Release|Any CPU
		{5E6821FE-243C-41FB-A9E3-120687ABE238}.Release|Any CPU.Build.0 = Release|Any CPU
		{AF10E1F7-EEEB-41B7-B8F8-AA6E45DF6493}.Debug|Any CPU.ActiveCfg = Debug|Any CPU
		{AF10E1F7-EEEB-41B7-B8F8-AA6E45DF6493}.Debug|Any CPU.Build.0 = Debug|Any CPU
		{AF10E1F7-EEEB-41B7-B8F8-AA6E45DF6493}.Release|Any CPU.ActiveCfg = Release|Any CPU
		{AF10E1F7-EEEB-41B7-B8F8-AA6E45DF6493}.Release|Any CPU.Build.0 = Release|Any CPU
		{4935154D-018E-4D41-AD2D-E50FBD350EF9}.Debug|Any CPU.ActiveCfg = Debug|Any CPU
		{4935154D-018E-4D41-AD2D-E50FBD350EF9}.Debug|Any CPU.Build.0 = Debug|Any CPU
		{4935154D-018E-4D41-AD2D-E50FBD350EF9}.Release|Any CPU.ActiveCfg = Release|Any CPU
		{4935154D-018E-4D41-AD2D-E50FBD350EF9}.Release|Any CPU.Build.0 = Release|Any CPU
	EndGlobalSection
	GlobalSection(SolutionProperties) = preSolution
		HideSolutionNode = FALSE
	EndGlobalSection
	GlobalSection(ExtensibilityGlobals) = postSolution
		SolutionGuid = {4672147D-D354-4C88-98AC-804B843B9A3E}
	EndGlobalSection
EndGlobal
