
Microsoft Visual Studio Solution File, Format Version 12.00
# Visual Studio 15
VisualStudioVersion = 15.0.26228.9
MinimumVisualStudioVersion = 10.0.40219.1
Project("{9A19103F-16F7-4668-BE54-9A1E7A4F7556}") = "MySql.EMTrace", "src\MySql.EMTrace.csproj", "{902B485C-86D3-4430-AE7A-665DF6A81A80}"
EndProject
Project("{9A19103F-16F7-4668-BE54-9A1E7A4F7556}") = "MySql.EMTrace.Tests", "tests\MySql.EMTrace.Tests.csproj", "{C3904666-9384-45B9-97E3-B545923CA6F3}"
EndProject
Project("{9A19103F-16F7-4668-BE54-9A1E7A4F7556}") = "MySql.Data", "..\Source\MySql.Data\MySql.Data.csproj", "{3FF92E5A-C5E0-47E6-9E3C-FD3533147560}"
EndProject
Project("{9A19103F-16F7-4668-BE54-9A1E7A4F7556}") = "SampleApp", "sample\SampleApp.csproj", "{83820DF1-C612-418D-B63A-6CDA14D8ED74}"
EndProject
Global
	GlobalSection(SolutionConfigurationPlatforms) = preSolution
		Debug|Any CPU = Debug|Any CPU
		Release|Any CPU = Release|Any CPU
	EndGlobalSection
	GlobalSection(ProjectConfigurationPlatforms) = postSolution
		{902B485C-86D3-4430-AE7A-665DF6A81A80}.Debug|Any CPU.ActiveCfg = Debug|Any CPU
		{902B485C-86D3-4430-AE7A-665DF6A81A80}.Debug|Any CPU.Build.0 = Debug|Any CPU
		{902B485C-86D3-4430-AE7A-665DF6A81A80}.Release|Any CPU.ActiveCfg = Release|Any CPU
		{902B485C-86D3-4430-AE7A-665DF6A81A80}.Release|Any CPU.Build.0 = Release|Any CPU
		{C3904666-9384-45B9-97E3-B545923CA6F3}.Debug|Any CPU.ActiveCfg = Debug|Any CPU
		{C3904666-9384-45B9-97E3-B545923CA6F3}.Debug|Any CPU.Build.0 = Debug|Any CPU
		{C3904666-9384-45B9-97E3-B545923CA6F3}.Release|Any CPU.ActiveCfg = Release|Any CPU
		{C3904666-9384-45B9-97E3-B545923CA6F3}.Release|Any CPU.Build.0 = Release|Any CPU
		{3FF92E5A-C5E0-47E6-9E3C-FD3533147560}.Debug|Any CPU.ActiveCfg = Debug|Any CPU
		{3FF92E5A-C5E0-47E6-9E3C-FD3533147560}.Debug|Any CPU.Build.0 = Debug|Any CPU
		{3FF92E5A-C5E0-47E6-9E3C-FD3533147560}.Release|Any CPU.ActiveCfg = Release|Any CPU
		{3FF92E5A-C5E0-47E6-9E3C-FD3533147560}.Release|Any CPU.Build.0 = Release|Any CPU
		{83820DF1-C612-418D-B63A-6CDA14D8ED74}.Debug|Any CPU.ActiveCfg = Debug|Any CPU
		{83820DF1-C612-418D-B63A-6CDA14D8ED74}.Debug|Any CPU.Build.0 = Debug|Any CPU
		{83820DF1-C612-418D-B63A-6CDA14D8ED74}.Release|Any CPU.ActiveCfg = Release|Any CPU
		{83820DF1-C612-418D-B63A-6CDA14D8ED74}.Release|Any CPU.Build.0 = Release|Any CPU
	EndGlobalSection
	GlobalSection(SolutionProperties) = preSolution
		HideSolutionNode = FALSE
	EndGlobalSection
EndGlobal
